
Microsoft Visual Studio Solution File, Format Version 12.00
# Visual Studio Version 17
VisualStudioVersion = 17.8.34511.84
MinimumVisualStudioVersion = 10.0.40219.1
Project("{9A19103F-16F7-4668-BE54-9A1E7A4F7556}") = "todo-list", "todo-list\todo-list.csproj", "{0B2ED465-5876-411C-A1D2-485739F7C248}"
EndProject
Project("{FAE04EC0-301F-11D3-BF4B-00C04F79EFBC}") = "todo-list-api-test", "todo-list-api-test\todo-list-api-test.csproj", "{4283843F-0742-4D56-AA7D-EDCA6E814D48}"
EndProject
Global
	GlobalSection(SolutionConfigurationPlatforms) = preSolution
		Debug|Any CPU = Debug|Any CPU
		Release|Any CPU = Release|Any CPU
	EndGlobalSection
	GlobalSection(ProjectConfigurationPlatforms) = postSolution
		{0B2ED465-5876-411C-A1D2-485739F7C248}.Debug|Any CPU.ActiveCfg = Debug|Any CPU
		{0B2ED465-5876-411C-A1D2-485739F7C248}.Debug|Any CPU.Build.0 = Debug|Any CPU
		{0B2ED465-5876-411C-A1D2-485739F7C248}.Release|Any CPU.ActiveCfg = Release|Any CPU
		{0B2ED465-5876-411C-A1D2-485739F7C248}.Release|Any CPU.Build.0 = Release|Any CPU
		{4283843F-0742-4D56-AA7D-EDCA6E814D48}.Debug|Any CPU.ActiveCfg = Debug|Any CPU
		{4283843F-0742-4D56-AA7D-EDCA6E814D48}.Debug|Any CPU.Build.0 = Debug|Any CPU
		{4283843F-0742-4D56-AA7D-EDCA6E814D48}.Release|Any CPU.ActiveCfg = Release|Any CPU
		{4283843F-0742-4D56-AA7D-EDCA6E814D48}.Release|Any CPU.Build.0 = Release|Any CPU
	EndGlobalSection
	GlobalSection(SolutionProperties) = preSolution
		HideSolutionNode = FALSE
	EndGlobalSection
	GlobalSection(ExtensibilityGlobals) = postSolution
		SolutionGuid = {BCB66B7B-81C6-47D4-9432-27BDE65628A7}
	EndGlobalSection
EndGlobal
